
Microsoft Visual Studio Solution File, Format Version 12.00
# Visual Studio 2013
VisualStudioVersion = 12.0.30723.0
MinimumVisualStudioVersion = 10.0.40219.1
Project("{FAE04EC0-301F-11D3-BF4B-00C04F79EFBC}") = "WebApplication1", "WebApplication1\WebApplication1.csproj", "{B3AC7488-D6A5-42F0-8F5D-06ECC23E694D}"
EndProject
Project("{FAE04EC0-301F-11D3-BF4B-00C04F79EFBC}") = "WebApplication2", "WebApplication2\WebApplication2.csproj", "{63B92786-A75E-4ECF-B51D-41890401A783}"
EndProject
Project("{FAE04EC0-301F-11D3-BF4B-00C04F79EFBC}") = "WebApplication1Test", "UnitTestProject3\WebApplication1Test.csproj", "{809B03BC-3695-4E5A-9E36-593754801BB8}"
EndProject
Project("{FAE04EC0-301F-11D3-BF4B-00C04F79EFBC}") = "UsingSignalR", "UsingSignalR\UsingSignalR.csproj", "{3829A3F4-C94F-4C4D-BAB6-383CFCA64456}"
EndProject
Project("{FAE04EC0-301F-11D3-BF4B-00C04F79EFBC}") = "WebApplication3", "WebApplication3\WebApplication3.csproj", "{73451223-CD0A-42FB-AE8D-93B0C2C0A4B8}"
EndProject
Project("{FAE04EC0-301F-11D3-BF4B-00C04F79EFBC}") = "AngularDirective", "AngularDirective\AngularDirective.csproj", "{E0399C27-B3A4-4FBD-8B80-B61245683F6D}"
EndProject
Global
	GlobalSection(SolutionConfigurationPlatforms) = preSolution
		Debug|Any CPU = Debug|Any CPU
		Release|Any CPU = Release|Any CPU
	EndGlobalSection
	GlobalSection(ProjectConfigurationPlatforms) = postSolution
		{B3AC7488-D6A5-42F0-8F5D-06ECC23E694D}.Debug|Any CPU.ActiveCfg = Debug|Any CPU
		{B3AC7488-D6A5-42F0-8F5D-06ECC23E694D}.Debug|Any CPU.Build.0 = Debug|Any CPU
		{B3AC7488-D6A5-42F0-8F5D-06ECC23E694D}.Release|Any CPU.ActiveCfg = Release|Any CPU
		{B3AC7488-D6A5-42F0-8F5D-06ECC23E694D}.Release|Any CPU.Build.0 = Release|Any CPU
		{63B92786-A75E-4ECF-B51D-41890401A783}.Debug|Any CPU.ActiveCfg = Debug|Any CPU
		{63B92786-A75E-4ECF-B51D-41890401A783}.Debug|Any CPU.Build.0 = Debug|Any CPU
		{63B92786-A75E-4ECF-B51D-41890401A783}.Release|Any CPU.ActiveCfg = Release|Any CPU
		{63B92786-A75E-4ECF-B51D-41890401A783}.Release|Any CPU.Build.0 = Release|Any CPU
		{809B03BC-3695-4E5A-9E36-593754801BB8}.Debug|Any CPU.ActiveCfg = Debug|Any CPU
		{809B03BC-3695-4E5A-9E36-593754801BB8}.Debug|Any CPU.Build.0 = Debug|Any CPU
		{809B03BC-3695-4E5A-9E36-593754801BB8}.Release|Any CPU.ActiveCfg = Release|Any CPU
		{809B03BC-3695-4E5A-9E36-593754801BB8}.Release|Any CPU.Build.0 = Release|Any CPU
		{3829A3F4-C94F-4C4D-BAB6-383CFCA64456}.Debug|Any CPU.ActiveCfg = Debug|Any CPU
		{3829A3F4-C94F-4C4D-BAB6-383CFCA64456}.Debug|Any CPU.Build.0 = Debug|Any CPU
		{3829A3F4-C94F-4C4D-BAB6-383CFCA64456}.Release|Any CPU.ActiveCfg = Release|Any CPU
		{3829A3F4-C94F-4C4D-BAB6-383CFCA64456}.Release|Any CPU.Build.0 = Release|Any CPU
		{73451223-CD0A-42FB-AE8D-93B0C2C0A4B8}.Debug|Any CPU.ActiveCfg = Debug|Any CPU
		{73451223-CD0A-42FB-AE8D-93B0C2C0A4B8}.Debug|Any CPU.Build.0 = Debug|Any CPU
		{73451223-CD0A-42FB-AE8D-93B0C2C0A4B8}.Release|Any CPU.ActiveCfg = Release|Any CPU
		{73451223-CD0A-42FB-AE8D-93B0C2C0A4B8}.Release|Any CPU.Build.0 = Release|Any CPU
		{E0399C27-B3A4-4FBD-8B80-B61245683F6D}.Debug|Any CPU.ActiveCfg = Debug|Any CPU
		{E0399C27-B3A4-4FBD-8B80-B61245683F6D}.Debug|Any CPU.Build.0 = Debug|Any CPU
		{E0399C27-B3A4-4FBD-8B80-B61245683F6D}.Release|Any CPU.ActiveCfg = Release|Any CPU
		{E0399C27-B3A4-4FBD-8B80-B61245683F6D}.Release|Any CPU.Build.0 = Release|Any CPU
	EndGlobalSection
	GlobalSection(SolutionProperties) = preSolution
		HideSolutionNode = FALSE
	EndGlobalSection
EndGlobal
